
Microsoft Visual Studio Solution File, Format Version 12.00
# Visual Studio 15
VisualStudioVersion = 15.0.27703.2026
MinimumVisualStudioVersion = 10.0.40219.1
Project("{8BC9CEB8-8B4A-11D0-8D11-00A0C91BC942}") = "Vulkan", "Vulkan.vcxproj", "{A3ADD8D7-A3D6-43AB-A103-F0DA0973925D}"
EndProject
Global
	GlobalSection(SolutionConfigurationPlatforms) = preSolution
		Debug|x64 = Debug|x64
		Debug|x86 = Debug|x86
		Release|x64 = Release|x64
		Release|x86 = Release|x86
	EndGlobalSection
	GlobalSection(ProjectConfigurationPlatforms) = postSolution
		{A3ADD8D7-A3D6-43AB-A103-F0DA0973925D}.Debug|x64.ActiveCfg = Debug|x64
		{A3ADD8D7-A3D6-43AB-A103-F0DA0973925D}.Debug|x64.Build.0 = Debug|x64
		{A3ADD8D7-A3D6-43AB-A103-F0DA0973925D}.Debug|x86.ActiveCfg = Debug|Win32
		{A3ADD8D7-A3D6-43AB-A103-F0DA0973925D}.Debug|x86.Build.0 = Debug|Win32
		{A3ADD8D7-A3D6-43AB-A103-F0DA0973925D}.Release|x64.ActiveCfg = Release|x64
		{A3ADD8D7-A3D6-43AB-A103-F0DA0973925D}.Release|x64.Build.0 = Release|x64
		{A3ADD8D7-A3D6-43AB-A103-F0DA0973925D}.Release|x86.ActiveCfg = Release|Win32
		{A3ADD8D7-A3D6-43AB-A103-F0DA0973925D}.Release|x86.Build.0 = Release|Win32
	EndGlobalSection
	GlobalSection(SolutionProperties) = preSolution
		HideSolutionNode = FALSE
	EndGlobalSection
	GlobalSection(ExtensibilityGlobals) = postSolution
		SolutionGuid = {D8CB2F36-3666-4492-8838-CBD4D9912CFF}
	EndGlobalSection
EndGlobal
